
Microsoft Visual Studio Solution File, Format Version 12.00
# Visual Studio Version 17
VisualStudioVersion = 17.3.32922.545
MinimumVisualStudioVersion = 10.0.40219.1
Project("{9A19103F-16F7-4668-BE54-9A1E7A4F7556}") = "NorthSound.Client", "NorthSound.Client\NorthSound.Client.csproj", "{5BB8D0C4-3E31-483F-B4EF-E41C97A5FDA6}"
EndProject
Project("{9A19103F-16F7-4668-BE54-9A1E7A4F7556}") = "NorthSound.Domain", "NorthSound.Domain\NorthSound.Domain.csproj", "{3FEDFDAF-AE2E-47EC-B77C-461B66444538}"
EndProject
Project("{9A19103F-16F7-4668-BE54-9A1E7A4F7556}") = "NorthSound.BLL", "NorthSound.BLL\NorthSound.BLL.csproj", "{7833DBEC-00B8-4F96-B64F-E68B45F3AB55}"
EndProject
Project("{FAE04EC0-301F-11D3-BF4B-00C04F79EFBC}") = "NorthSound.DAL", "NorthSound.DAL\NorthSound.DAL.csproj", "{F627910E-CE38-453C-9C43-AC26772271EC}"
	ProjectSection(ProjectDependencies) = postProject
		{3FEDFDAF-AE2E-47EC-B77C-461B66444538} = {3FEDFDAF-AE2E-47EC-B77C-461B66444538}
	EndProjectSection
EndProject
Project("{FAE04EC0-301F-11D3-BF4B-00C04F79EFBC}") = "NorthSound.Infrastructure", "NorthSound.Infrastructure\NorthSound.Infrastructure.csproj", "{8D11D888-16D9-414C-B4E5-F6B6ED9745F1}"
EndProject
Global
	GlobalSection(SolutionConfigurationPlatforms) = preSolution
		Debug|Any CPU = Debug|Any CPU
		Release|Any CPU = Release|Any CPU
	EndGlobalSection
	GlobalSection(ProjectConfigurationPlatforms) = postSolution
		{5BB8D0C4-3E31-483F-B4EF-E41C97A5FDA6}.Debug|Any CPU.ActiveCfg = Debug|Any CPU
		{5BB8D0C4-3E31-483F-B4EF-E41C97A5FDA6}.Debug|Any CPU.Build.0 = Debug|Any CPU
		{5BB8D0C4-3E31-483F-B4EF-E41C97A5FDA6}.Release|Any CPU.ActiveCfg = Release|Any CPU
		{5BB8D0C4-3E31-483F-B4EF-E41C97A5FDA6}.Release|Any CPU.Build.0 = Release|Any CPU
		{3FEDFDAF-AE2E-47EC-B77C-461B66444538}.Debug|Any CPU.ActiveCfg = Debug|Any CPU
		{3FEDFDAF-AE2E-47EC-B77C-461B66444538}.Debug|Any CPU.Build.0 = Debug|Any CPU
		{3FEDFDAF-AE2E-47EC-B77C-461B66444538}.Release|Any CPU.ActiveCfg = Release|Any CPU
		{3FEDFDAF-AE2E-47EC-B77C-461B66444538}.Release|Any CPU.Build.0 = Release|Any CPU
		{7833DBEC-00B8-4F96-B64F-E68B45F3AB55}.Debug|Any CPU.ActiveCfg = Debug|Any CPU
		{7833DBEC-00B8-4F96-B64F-E68B45F3AB55}.Debug|Any CPU.Build.0 = Debug|Any CPU
		{7833DBEC-00B8-4F96-B64F-E68B45F3AB55}.Release|Any CPU.ActiveCfg = Release|Any CPU
		{7833DBEC-00B8-4F96-B64F-E68B45F3AB55}.Release|Any CPU.Build.0 = Release|Any CPU
		{F627910E-CE38-453C-9C43-AC26772271EC}.Debug|Any CPU.ActiveCfg = Debug|Any CPU
		{F627910E-CE38-453C-9C43-AC26772271EC}.Debug|Any CPU.Build.0 = Debug|Any CPU
		{F627910E-CE38-453C-9C43-AC26772271EC}.Release|Any CPU.ActiveCfg = Release|Any CPU
		{F627910E-CE38-453C-9C43-AC26772271EC}.Release|Any CPU.Build.0 = Release|Any CPU
		{8D11D888-16D9-414C-B4E5-F6B6ED9745F1}.Debug|Any CPU.ActiveCfg = Debug|Any CPU
		{8D11D888-16D9-414C-B4E5-F6B6ED9745F1}.Debug|Any CPU.Build.0 = Debug|Any CPU
		{8D11D888-16D9-414C-B4E5-F6B6ED9745F1}.Release|Any CPU.ActiveCfg = Release|Any CPU
		{8D11D888-16D9-414C-B4E5-F6B6ED9745F1}.Release|Any CPU.Build.0 = Release|Any CPU
	EndGlobalSection
	GlobalSection(SolutionProperties) = preSolution
		HideSolutionNode = FALSE
	EndGlobalSection
	GlobalSection(ExtensibilityGlobals) = postSolution
		SolutionGuid = {44E20D5D-304E-4D92-A4AF-B2FFEC2DEBD6}
	EndGlobalSection
EndGlobal
